{
  "version": "5",
  "redirects": {
    "https://esm.sh/@supabase/phoenix@^0.4.0?target=denonext": "https://esm.sh/@supabase/phoenix@0.4.2?target=denonext",
    "https://esm.sh/@supabase/supabase-js@2": "https://esm.sh/@supabase/supabase-js@2.104.1",
    "https://esm.sh/iceberg-js@^0.8.1?target=denonext": "https://esm.sh/iceberg-js@0.8.1?target=denonext"
  },
  "remote": {
    "https://esm.sh/@supabase/auth-js@2.104.1/denonext/auth-js.mjs": "ed9f6d02a5885883291659fb1c23e0e263dd991bb1857b58fd6a818702a8ad16",
    "https://esm.sh/@supabase/functions-js@2.104.1/denonext/functions-js.mjs": "e2526f175d7256933eb973721c6feb02ee0bfbd50a743663652f79995c6e120c",
    "https://esm.sh/@supabase/phoenix@0.4.2/denonext/phoenix.mjs": "8099a9b1277ec1776f0d0ae15e35be72b87b541a3f787b5477a11b546c8d62a9",
    "https://esm.sh/@supabase/phoenix@0.4.2?target=denonext": "0790ada96f524af71c1af9a3f01b5517bd6e90e9e7e22e4c5436b92bc1534e8d",
    "https://esm.sh/@supabase/postgrest-js@2.104.1/denonext/postgrest-js.mjs": "f968232d2d22950299afe0712a8073f6a03e80e1b53ff3411763328394bbe976",
    "https://esm.sh/@supabase/realtime-js@2.104.1/denonext/realtime-js.mjs": "61b3266d1bfa729a91bf5f804970a2d9612303d11acad20e82342103e9b5b691",
    "https://esm.sh/@supabase/storage-js@2.104.1/denonext/storage-js.mjs": "8783d810ec64743721155f4e45dc5ce8547f250fb6c3b0097603ea0661f8c9ba",
    "https://esm.sh/@supabase/supabase-js@2.104.1": "bad73bfa9aac8a6d896e7a1d4449c7c2ece9a01bccca9e9569f1ed0fc76b5222",
    "https://esm.sh/@supabase/supabase-js@2.104.1/denonext/supabase-js.mjs": "dd594d5874d2da69f6e8d844b3a899b799f86d00f61e0cac43c215e3f31b4a04",
    "https://esm.sh/iceberg-js@0.8.1/denonext/iceberg-js.mjs": "d839d81a2e3966500ca2cdd0c1cb458e9608bacfc91f7bb67a69b2e878dcdb4f",
    "https://esm.sh/iceberg-js@0.8.1?target=denonext": "58c849d7fe2bf4eca4a84eb501e83c161a7d8c34ca1bec15a962b3bec3062633",
    "https://esm.sh/tslib@2.8.1/denonext/tslib.mjs": "c38da5dd6da6281964435002ce204cd586634fe3bdfb24a0ee116f48cf3292e9"
  },
  "workspace": {
    "packageJson": {
      "dependencies": [
        "npm:@eslint/js@^10.0.1",
        "npm:@supabase/supabase-js@^2.105.3",
        "npm:@types/canvas-confetti@^1.9.0",
        "npm:@types/node@^24.12.2",
        "npm:@types/qrcode@^1.5.6",
        "npm:@types/react-dom@^19.2.3",
        "npm:@types/react@^19.2.14",
        "npm:@vitejs/plugin-react@^6.0.1",
        "npm:autoprefixer@^10.5.0",
        "npm:canvas-confetti@^1.9.4",
        "npm:driver.js@^1.4.0",
        "npm:eslint-plugin-react-hooks@^7.1.1",
        "npm:eslint-plugin-react-refresh@~0.5.2",
        "npm:eslint@^10.2.1",
        "npm:framer-motion@^12.38.0",
        "npm:globals@^17.5.0",
        "npm:lucide-react@^1.14.0",
        "npm:postcss@^8.5.14",
        "npm:qrcode@^1.5.4",
        "npm:react-dom@^19.2.5",
        "npm:react-router-dom@^7.15.0",
        "npm:react@^19.2.5",
        "npm:tailwindcss@^3.4.19",
        "npm:typescript-eslint@^8.58.2",
        "npm:typescript@~6.0.2",
        "npm:vite@^8.0.10"
      ]
    }
  }
}
